
Microsoft Visual Studio Solution File, Format Version 12.00
# Visual Studio 15
VisualStudioVersion = 15.0.27703.2035
MinimumVisualStudioVersion = 10.0.40219.1
Project("{8BC9CEB8-8B4A-11D0-8D11-00A0C91BC942}") = "Temperature Conversion", "Temperature Conversion\Temperature Conversion.vcxproj", "{96C2BEBC-8344-4FF3-A96C-40FA58AD70E3}"
EndProject
Global
	GlobalSection(SolutionConfigurationPlatforms) = preSolution
		Debug|x64 = Debug|x64
		Debug|x86 = Debug|x86
		Release|x64 = Release|x64
		Release|x86 = Release|x86
	EndGlobalSection
	GlobalSection(ProjectConfigurationPlatforms) = postSolution
		{96C2BEBC-8344-4FF3-A96C-40FA58AD70E3}.Debug|x64.ActiveCfg = Debug|x64
		{96C2BEBC-8344-4FF3-A96C-40FA58AD70E3}.Debug|x64.Build.0 = Debug|x64
		{96C2BEBC-8344-4FF3-A96C-40FA58AD70E3}.Debug|x86.ActiveCfg = Debug|Win32
		{96C2BEBC-8344-4FF3-A96C-40FA58AD70E3}.Debug|x86.Build.0 = Debug|Win32
		{96C2BEBC-8344-4FF3-A96C-40FA58AD70E3}.Release|x64.ActiveCfg = Release|x64
		{96C2BEBC-8344-4FF3-A96C-40FA58AD70E3}.Release|x64.Build.0 = Release|x64
		{96C2BEBC-8344-4FF3-A96C-40FA58AD70E3}.Release|x86.ActiveCfg = Release|Win32
		{96C2BEBC-8344-4FF3-A96C-40FA58AD70E3}.Release|x86.Build.0 = Release|Win32
	EndGlobalSection
	GlobalSection(SolutionProperties) = preSolution
		HideSolutionNode = FALSE
	EndGlobalSection
	GlobalSection(ExtensibilityGlobals) = postSolution
		SolutionGuid = {ED4EB212-0094-43C2-9D62-A0ECAECAB67F}
	EndGlobalSection
EndGlobal
